
Microsoft Visual Studio Solution File, Format Version 12.00
# Visual Studio 15
VisualStudioVersion = 15.0.26124.0
MinimumVisualStudioVersion = 15.0.26124.0
Project("{FAE04EC0-301F-11D3-BF4B-00C04F79EFBC}") = "API", "API\API.csproj", "{130947CE-2BE9-4605-887D-BCB98DC91007}"
EndProject
Project("{FAE04EC0-301F-11D3-BF4B-00C04F79EFBC}") = "Core", "Core\Core.csproj", "{1FCD2A65-F556-4DA1-B6A2-C309AFA0B168}"
EndProject
Project("{FAE04EC0-301F-11D3-BF4B-00C04F79EFBC}") = "Infrastructure", "Infrastructure\Infrastructure.csproj", "{4811FF39-D3EA-42D9-9F69-82D107983E3C}"
EndProject
Global
	GlobalSection(SolutionConfigurationPlatforms) = preSolution
		Debug|Any CPU = Debug|Any CPU
		Debug|x64 = Debug|x64
		Debug|x86 = Debug|x86
		Release|Any CPU = Release|Any CPU
		Release|x64 = Release|x64
		Release|x86 = Release|x86
	EndGlobalSection
	GlobalSection(SolutionProperties) = preSolution
		HideSolutionNode = FALSE
	EndGlobalSection
	GlobalSection(ProjectConfigurationPlatforms) = postSolution
		{130947CE-2BE9-4605-887D-BCB98DC91007}.Debug|Any CPU.ActiveCfg = Debug|Any CPU
		{130947CE-2BE9-4605-887D-BCB98DC91007}.Debug|Any CPU.Build.0 = Debug|Any CPU
		{130947CE-2BE9-4605-887D-BCB98DC91007}.Debug|x64.ActiveCfg = Debug|Any CPU
		{130947CE-2BE9-4605-887D-BCB98DC91007}.Debug|x64.Build.0 = Debug|Any CPU
		{130947CE-2BE9-4605-887D-BCB98DC91007}.Debug|x86.ActiveCfg = Debug|Any CPU
		{130947CE-2BE9-4605-887D-BCB98DC91007}.Debug|x86.Build.0 = Debug|Any CPU
		{130947CE-2BE9-4605-887D-BCB98DC91007}.Release|Any CPU.ActiveCfg = Release|Any CPU
		{130947CE-2BE9-4605-887D-BCB98DC91007}.Release|Any CPU.Build.0 = Release|Any CPU
		{130947CE-2BE9-4605-887D-BCB98DC91007}.Release|x64.ActiveCfg = Release|Any CPU
		{130947CE-2BE9-4605-887D-BCB98DC91007}.Release|x64.Build.0 = Release|Any CPU
		{130947CE-2BE9-4605-887D-BCB98DC91007}.Release|x86.ActiveCfg = Release|Any CPU
		{130947CE-2BE9-4605-887D-BCB98DC91007}.Release|x86.Build.0 = Release|Any CPU
		{1FCD2A65-F556-4DA1-B6A2-C309AFA0B168}.Debug|Any CPU.ActiveCfg = Debug|Any CPU
		{1FCD2A65-F556-4DA1-B6A2-C309AFA0B168}.Debug|Any CPU.Build.0 = Debug|Any CPU
		{1FCD2A65-F556-4DA1-B6A2-C309AFA0B168}.Debug|x64.ActiveCfg = Debug|Any CPU
		{1FCD2A65-F556-4DA1-B6A2-C309AFA0B168}.Debug|x64.Build.0 = Debug|Any CPU
		{1FCD2A65-F556-4DA1-B6A2-C309AFA0B168}.Debug|x86.ActiveCfg = Debug|Any CPU
		{1FCD2A65-F556-4DA1-B6A2-C309AFA0B168}.Debug|x86.Build.0 = Debug|Any CPU
		{1FCD2A65-F556-4DA1-B6A2-C309AFA0B168}.Release|Any CPU.ActiveCfg = Release|Any CPU
		{1FCD2A65-F556-4DA1-B6A2-C309AFA0B168}.Release|Any CPU.Build.0 = Release|Any CPU
		{1FCD2A65-F556-4DA1-B6A2-C309AFA0B168}.Release|x64.ActiveCfg = Release|Any CPU
		{1FCD2A65-F556-4DA1-B6A2-C309AFA0B168}.Release|x64.Build.0 = Release|Any CPU
		{1FCD2A65-F556-4DA1-B6A2-C309AFA0B168}.Release|x86.ActiveCfg = Release|Any CPU
		{1FCD2A65-F556-4DA1-B6A2-C309AFA0B168}.Release|x86.Build.0 = Release|Any CPU
		{4811FF39-D3EA-42D9-9F69-82D107983E3C}.Debug|Any CPU.ActiveCfg = Debug|Any CPU
		{4811FF39-D3EA-42D9-9F69-82D107983E3C}.Debug|Any CPU.Build.0 = Debug|Any CPU
		{4811FF39-D3EA-42D9-9F69-82D107983E3C}.Debug|x64.ActiveCfg = Debug|Any CPU
		{4811FF39-D3EA-42D9-9F69-82D107983E3C}.Debug|x64.Build.0 = Debug|Any CPU
		{4811FF39-D3EA-42D9-9F69-82D107983E3C}.Debug|x86.ActiveCfg = Debug|Any CPU
		{4811FF39-D3EA-42D9-9F69-82D107983E3C}.Debug|x86.Build.0 = Debug|Any CPU
		{4811FF39-D3EA-42D9-9F69-82D107983E3C}.Release|Any CPU.ActiveCfg = Release|Any CPU
		{4811FF39-D3EA-42D9-9F69-82D107983E3C}.Release|Any CPU.Build.0 = Release|Any CPU
		{4811FF39-D3EA-42D9-9F69-82D107983E3C}.Release|x64.ActiveCfg = Release|Any CPU
		{4811FF39-D3EA-42D9-9F69-82D107983E3C}.Release|x64.Build.0 = Release|Any CPU
		{4811FF39-D3EA-42D9-9F69-82D107983E3C}.Release|x86.ActiveCfg = Release|Any CPU
		{4811FF39-D3EA-42D9-9F69-82D107983E3C}.Release|x86.Build.0 = Release|Any CPU
	EndGlobalSection
EndGlobal
